
Microsoft Visual Studio Solution File, Format Version 12.00
# Visual Studio Version 16
VisualStudioVersion = 16.0.30907.101
MinimumVisualStudioVersion = 10.0.40219.1
Project("{FAE04EC0-301F-11D3-BF4B-00C04F79EFBC}") = "POPCommunication", "POPCommServer\POPCommunication.csproj", "{68124B13-C2DB-4574-A9F2-BD2672E4D4AA}"
	ProjectSection(ProjectDependencies) = postProject
		{C1D7AB2F-FBA6-4579-9A52-6F1A779EAC5F} = {C1D7AB2F-FBA6-4579-9A52-6F1A779EAC5F}
		{FD08683A-AC7C-48EA-A869-7A39F61A3E5B} = {FD08683A-AC7C-48EA-A869-7A39F61A3E5B}
		{E6A97C66-EAEB-4177-A20E-785BBC89DA4F} = {E6A97C66-EAEB-4177-A20E-785BBC89DA4F}
		{2A375DF3-8404-4C52-BB24-9D51C2502B81} = {2A375DF3-8404-4C52-BB24-9D51C2502B81}
	EndProjectSection
EndProject
Project("{FAE04EC0-301F-11D3-BF4B-00C04F79EFBC}") = "ippch_cs", "IppDlls\ippch_cs\ippch_cs.csproj", "{E6A97C66-EAEB-4177-A20E-785BBC89DA4F}"
EndProject
Project("{FAE04EC0-301F-11D3-BF4B-00C04F79EFBC}") = "ippcore", "IppDlls\ippcore\ippcore.csproj", "{FD08683A-AC7C-48EA-A869-7A39F61A3E5B}"
EndProject
Project("{FAE04EC0-301F-11D3-BF4B-00C04F79EFBC}") = "ippdefs", "IppDlls\Ippdefs\ippdefs.csproj", "{2A375DF3-8404-4C52-BB24-9D51C2502B81}"
EndProject
Project("{FAE04EC0-301F-11D3-BF4B-00C04F79EFBC}") = "ipps", "IppDlls\ipps\ipps.csproj", "{C1D7AB2F-FBA6-4579-9A52-6F1A779EAC5F}"
EndProject
Project("{FAE04EC0-301F-11D3-BF4B-00C04F79EFBC}") = "POPN4ControlPanel", "POPN4\POPN4ControlPanel.csproj", "{88D42EA5-D89A-405B-8280-A7E546478717}"
	ProjectSection(ProjectDependencies) = postProject
		{C1D7AB2F-FBA6-4579-9A52-6F1A779EAC5F} = {C1D7AB2F-FBA6-4579-9A52-6F1A779EAC5F}
		{FD08683A-AC7C-48EA-A869-7A39F61A3E5B} = {FD08683A-AC7C-48EA-A869-7A39F61A3E5B}
		{E6A97C66-EAEB-4177-A20E-785BBC89DA4F} = {E6A97C66-EAEB-4177-A20E-785BBC89DA4F}
		{2541686B-1673-43BF-AF89-3163945DB009} = {2541686B-1673-43BF-AF89-3163945DB009}
		{98348D7A-6606-4CEA-BAC9-859D435C5988} = {98348D7A-6606-4CEA-BAC9-859D435C5988}
		{2A375DF3-8404-4C52-BB24-9D51C2502B81} = {2A375DF3-8404-4C52-BB24-9D51C2502B81}
	EndProjectSection
EndProject
Project("{FAE04EC0-301F-11D3-BF4B-00C04F79EFBC}") = "POPN4Service", "POPN4Service\POPN4Service.csproj", "{42BD505D-FA91-45CC-B860-BA2BB7BCFD69}"
EndProject
Project("{2150E333-8FDC-42A3-9474-1A3956D46DE8}") = "Solution Items", "Solution Items", "{5E608A96-AEC7-4BBC-B23F-32EECC755B4F}"
	ProjectSection(SolutionItems) = preProject
		Performance1.psess = Performance1.psess
		Performance2.psess = Performance2.psess
		Performance3.psess = Performance3.psess
	EndProjectSection
EndProject
Project("{FAE04EC0-301F-11D3-BF4B-00C04F79EFBC}") = "ZGraphDac", "..\ZGraphDac\ZGraphDac.csproj", "{2541686B-1673-43BF-AF89-3163945DB009}"
EndProject
Project("{FAE04EC0-301F-11D3-BF4B-00C04F79EFBC}") = "Xp ProgressBar", "..\ProgressBar3\Source\Control\Xp ProgressBar.csproj", "{98348D7A-6606-4CEA-BAC9-859D435C5988}"
EndProject
Global
	GlobalSection(SolutionConfigurationPlatforms) = preSolution
		Debug|Any CPU = Debug|Any CPU
		Debug|x86 = Debug|x86
		Release|Any CPU = Release|Any CPU
		Release|x86 = Release|x86
	EndGlobalSection
	GlobalSection(ProjectConfigurationPlatforms) = postSolution
		{68124B13-C2DB-4574-A9F2-BD2672E4D4AA}.Debug|Any CPU.ActiveCfg = Debug|Any CPU
		{68124B13-C2DB-4574-A9F2-BD2672E4D4AA}.Debug|Any CPU.Build.0 = Debug|Any CPU
		{68124B13-C2DB-4574-A9F2-BD2672E4D4AA}.Debug|x86.ActiveCfg = Debug|Any CPU
		{68124B13-C2DB-4574-A9F2-BD2672E4D4AA}.Debug|x86.Build.0 = Debug|Any CPU
		{68124B13-C2DB-4574-A9F2-BD2672E4D4AA}.Release|Any CPU.ActiveCfg = Release|Any CPU
		{68124B13-C2DB-4574-A9F2-BD2672E4D4AA}.Release|Any CPU.Build.0 = Release|Any CPU
		{68124B13-C2DB-4574-A9F2-BD2672E4D4AA}.Release|x86.ActiveCfg = Release|Any CPU
		{68124B13-C2DB-4574-A9F2-BD2672E4D4AA}.Release|x86.Build.0 = Release|Any CPU
		{E6A97C66-EAEB-4177-A20E-785BBC89DA4F}.Debug|Any CPU.ActiveCfg = Debug|Any CPU
		{E6A97C66-EAEB-4177-A20E-785BBC89DA4F}.Debug|Any CPU.Build.0 = Debug|Any CPU
		{E6A97C66-EAEB-4177-A20E-785BBC89DA4F}.Debug|x86.ActiveCfg = Debug|x86
		{E6A97C66-EAEB-4177-A20E-785BBC89DA4F}.Debug|x86.Build.0 = Debug|x86
		{E6A97C66-EAEB-4177-A20E-785BBC89DA4F}.Release|Any CPU.ActiveCfg = Release|Any CPU
		{E6A97C66-EAEB-4177-A20E-785BBC89DA4F}.Release|Any CPU.Build.0 = Release|Any CPU
		{E6A97C66-EAEB-4177-A20E-785BBC89DA4F}.Release|x86.ActiveCfg = Release|x86
		{E6A97C66-EAEB-4177-A20E-785BBC89DA4F}.Release|x86.Build.0 = Release|x86
		{FD08683A-AC7C-48EA-A869-7A39F61A3E5B}.Debug|Any CPU.ActiveCfg = Debug|Any CPU
		{FD08683A-AC7C-48EA-A869-7A39F61A3E5B}.Debug|Any CPU.Build.0 = Debug|Any CPU
		{FD08683A-AC7C-48EA-A869-7A39F61A3E5B}.Debug|x86.ActiveCfg = Debug|x86
		{FD08683A-AC7C-48EA-A869-7A39F61A3E5B}.Debug|x86.Build.0 = Debug|x86
		{FD08683A-AC7C-48EA-A869-7A39F61A3E5B}.Release|Any CPU.ActiveCfg = Release|Any CPU
		{FD08683A-AC7C-48EA-A869-7A39F61A3E5B}.Release|Any CPU.Build.0 = Release|Any CPU
		{FD08683A-AC7C-48EA-A869-7A39F61A3E5B}.Release|x86.ActiveCfg = Release|x86
		{FD08683A-AC7C-48EA-A869-7A39F61A3E5B}.Release|x86.Build.0 = Release|x86
		{2A375DF3-8404-4C52-BB24-9D51C2502B81}.Debug|Any CPU.ActiveCfg = Debug|Any CPU
		{2A375DF3-8404-4C52-BB24-9D51C2502B81}.Debug|Any CPU.Build.0 = Debug|Any CPU
		{2A375DF3-8404-4C52-BB24-9D51C2502B81}.Debug|x86.ActiveCfg = Debug|x86
		{2A375DF3-8404-4C52-BB24-9D51C2502B81}.Debug|x86.Build.0 = Debug|x86
		{2A375DF3-8404-4C52-BB24-9D51C2502B81}.Release|Any CPU.ActiveCfg = Release|Any CPU
		{2A375DF3-8404-4C52-BB24-9D51C2502B81}.Release|Any CPU.Build.0 = Release|Any CPU
		{2A375DF3-8404-4C52-BB24-9D51C2502B81}.Release|x86.ActiveCfg = Release|x86
		{2A375DF3-8404-4C52-BB24-9D51C2502B81}.Release|x86.Build.0 = Release|x86
		{C1D7AB2F-FBA6-4579-9A52-6F1A779EAC5F}.Debug|Any CPU.ActiveCfg = Debug|Any CPU
		{C1D7AB2F-FBA6-4579-9A52-6F1A779EAC5F}.Debug|Any CPU.Build.0 = Debug|Any CPU
		{C1D7AB2F-FBA6-4579-9A52-6F1A779EAC5F}.Debug|x86.ActiveCfg = Debug|x86
		{C1D7AB2F-FBA6-4579-9A52-6F1A779EAC5F}.Debug|x86.Build.0 = Debug|x86
		{C1D7AB2F-FBA6-4579-9A52-6F1A779EAC5F}.Release|Any CPU.ActiveCfg = Release|Any CPU
		{C1D7AB2F-FBA6-4579-9A52-6F1A779EAC5F}.Release|Any CPU.Build.0 = Release|Any CPU
		{C1D7AB2F-FBA6-4579-9A52-6F1A779EAC5F}.Release|x86.ActiveCfg = Release|x86
		{C1D7AB2F-FBA6-4579-9A52-6F1A779EAC5F}.Release|x86.Build.0 = Release|x86
		{88D42EA5-D89A-405B-8280-A7E546478717}.Debug|Any CPU.ActiveCfg = Debug|Any CPU
		{88D42EA5-D89A-405B-8280-A7E546478717}.Debug|Any CPU.Build.0 = Debug|Any CPU
		{88D42EA5-D89A-405B-8280-A7E546478717}.Debug|x86.ActiveCfg = Debug|Any CPU
		{88D42EA5-D89A-405B-8280-A7E546478717}.Debug|x86.Build.0 = Debug|Any CPU
		{88D42EA5-D89A-405B-8280-A7E546478717}.Release|Any CPU.ActiveCfg = Release|Any CPU
		{88D42EA5-D89A-405B-8280-A7E546478717}.Release|Any CPU.Build.0 = Release|Any CPU
		{88D42EA5-D89A-405B-8280-A7E546478717}.Release|x86.ActiveCfg = Release|Any CPU
		{88D42EA5-D89A-405B-8280-A7E546478717}.Release|x86.Build.0 = Release|Any CPU
		{42BD505D-FA91-45CC-B860-BA2BB7BCFD69}.Debug|Any CPU.ActiveCfg = Debug|Any CPU
		{42BD505D-FA91-45CC-B860-BA2BB7BCFD69}.Debug|Any CPU.Build.0 = Debug|Any CPU
		{42BD505D-FA91-45CC-B860-BA2BB7BCFD69}.Debug|x86.ActiveCfg = Debug|Any CPU
		{42BD505D-FA91-45CC-B860-BA2BB7BCFD69}.Debug|x86.Build.0 = Debug|Any CPU
		{42BD505D-FA91-45CC-B860-BA2BB7BCFD69}.Release|Any CPU.ActiveCfg = Release|Any CPU
		{42BD505D-FA91-45CC-B860-BA2BB7BCFD69}.Release|Any CPU.Build.0 = Release|Any CPU
		{42BD505D-FA91-45CC-B860-BA2BB7BCFD69}.Release|x86.ActiveCfg = Release|Any CPU
		{42BD505D-FA91-45CC-B860-BA2BB7BCFD69}.Release|x86.Build.0 = Release|Any CPU
		{2541686B-1673-43BF-AF89-3163945DB009}.Debug|Any CPU.ActiveCfg = Debug|Any CPU
		{2541686B-1673-43BF-AF89-3163945DB009}.Debug|Any CPU.Build.0 = Debug|Any CPU
		{2541686B-1673-43BF-AF89-3163945DB009}.Debug|x86.ActiveCfg = Debug|x86
		{2541686B-1673-43BF-AF89-3163945DB009}.Debug|x86.Build.0 = Debug|x86
		{2541686B-1673-43BF-AF89-3163945DB009}.Release|Any CPU.ActiveCfg = Release|Any CPU
		{2541686B-1673-43BF-AF89-3163945DB009}.Release|Any CPU.Build.0 = Release|Any CPU
		{2541686B-1673-43BF-AF89-3163945DB009}.Release|x86.ActiveCfg = Release|x86
		{2541686B-1673-43BF-AF89-3163945DB009}.Release|x86.Build.0 = Release|x86
		{98348D7A-6606-4CEA-BAC9-859D435C5988}.Debug|Any CPU.ActiveCfg = Debug|Any CPU
		{98348D7A-6606-4CEA-BAC9-859D435C5988}.Debug|Any CPU.Build.0 = Debug|Any CPU
		{98348D7A-6606-4CEA-BAC9-859D435C5988}.Debug|x86.ActiveCfg = Debug|x86
		{98348D7A-6606-4CEA-BAC9-859D435C5988}.Debug|x86.Build.0 = Debug|x86
		{98348D7A-6606-4CEA-BAC9-859D435C5988}.Release|Any CPU.ActiveCfg = Release|Any CPU
		{98348D7A-6606-4CEA-BAC9-859D435C5988}.Release|Any CPU.Build.0 = Release|Any CPU
		{98348D7A-6606-4CEA-BAC9-859D435C5988}.Release|x86.ActiveCfg = Release|x86
		{98348D7A-6606-4CEA-BAC9-859D435C5988}.Release|x86.Build.0 = Release|x86
	EndGlobalSection
	GlobalSection(SolutionProperties) = preSolution
		HideSolutionNode = FALSE
	EndGlobalSection
	GlobalSection(ExtensibilityGlobals) = postSolution
		SolutionGuid = {A0A6E3D3-A471-4CF8-A9C6-399410617B52}
	EndGlobalSection
	GlobalSection(Performance) = preSolution
		HasPerformanceSessions = true
	EndGlobalSection
EndGlobal
